
Microsoft Visual Studio Solution File, Format Version 12.00
# Visual Studio Version 17
VisualStudioVersion = 17.11.35312.102
MinimumVisualStudioVersion = 10.0.40219.1
Project("{FAE04EC0-301F-11D3-BF4B-00C04F79EFBC}") = "ManagementEmployee.API", "ManagementEmployee.API\ManagementEmployee.API.csproj", "{B59FCA7C-1EEF-43AE-A8EA-90CDDC383D98}"
EndProject
Project("{FAE04EC0-301F-11D3-BF4B-00C04F79EFBC}") = "ManagementEmployee.Entity", "ManagementEmployee.Entity\ManagementEmployee.Entity.csproj", "{AEECD25C-C09D-4EEB-A346-45F9156DA5CF}"
EndProject
Project("{FAE04EC0-301F-11D3-BF4B-00C04F79EFBC}") = "ManagementEmployee.Interface", "ManagementEmployee.Interface\ManagementEmployee.Interface.csproj", "{D5DCB5C2-DEB1-4E8E-91FF-FFCA6AB54A2D}"
EndProject
Project("{FAE04EC0-301F-11D3-BF4B-00C04F79EFBC}") = "ManagementEmployee.Repository", "ManagementEmployee.Repository\ManagementEmployee.Repository.csproj", "{E74F9D58-1089-4466-8F89-0891AEDFD8EC}"
EndProject
Project("{FAE04EC0-301F-11D3-BF4B-00C04F79EFBC}") = "ManagementEmployee.Service", "ManagementEmployee.Service\ManagementEmployee.Service.csproj", "{7E5A20D4-5C83-424E-A9B2-6F33BF27A6EC}"
EndProject
Global
	GlobalSection(SolutionConfigurationPlatforms) = preSolution
		Debug|Any CPU = Debug|Any CPU
		Release|Any CPU = Release|Any CPU
	EndGlobalSection
	GlobalSection(ProjectConfigurationPlatforms) = postSolution
		{B59FCA7C-1EEF-43AE-A8EA-90CDDC383D98}.Debug|Any CPU.ActiveCfg = Debug|Any CPU
		{B59FCA7C-1EEF-43AE-A8EA-90CDDC383D98}.Debug|Any CPU.Build.0 = Debug|Any CPU
		{B59FCA7C-1EEF-43AE-A8EA-90CDDC383D98}.Release|Any CPU.ActiveCfg = Release|Any CPU
		{B59FCA7C-1EEF-43AE-A8EA-90CDDC383D98}.Release|Any CPU.Build.0 = Release|Any CPU
		{AEECD25C-C09D-4EEB-A346-45F9156DA5CF}.Debug|Any CPU.ActiveCfg = Debug|Any CPU
		{AEECD25C-C09D-4EEB-A346-45F9156DA5CF}.Debug|Any CPU.Build.0 = Debug|Any CPU
		{AEECD25C-C09D-4EEB-A346-45F9156DA5CF}.Release|Any CPU.ActiveCfg = Release|Any CPU
		{AEECD25C-C09D-4EEB-A346-45F9156DA5CF}.Release|Any CPU.Build.0 = Release|Any CPU
		{D5DCB5C2-DEB1-4E8E-91FF-FFCA6AB54A2D}.Debug|Any CPU.ActiveCfg = Debug|Any CPU
		{D5DCB5C2-DEB1-4E8E-91FF-FFCA6AB54A2D}.Debug|Any CPU.Build.0 = Debug|Any CPU
		{D5DCB5C2-DEB1-4E8E-91FF-FFCA6AB54A2D}.Release|Any CPU.ActiveCfg = Release|Any CPU
		{D5DCB5C2-DEB1-4E8E-91FF-FFCA6AB54A2D}.Release|Any CPU.Build.0 = Release|Any CPU
		{E74F9D58-1089-4466-8F89-0891AEDFD8EC}.Debug|Any CPU.ActiveCfg = Debug|Any CPU
		{E74F9D58-1089-4466-8F89-0891AEDFD8EC}.Debug|Any CPU.Build.0 = Debug|Any CPU
		{E74F9D58-1089-4466-8F89-0891AEDFD8EC}.Release|Any CPU.ActiveCfg = Release|Any CPU
		{E74F9D58-1089-4466-8F89-0891AEDFD8EC}.Release|Any CPU.Build.0 = Release|Any CPU
		{7E5A20D4-5C83-424E-A9B2-6F33BF27A6EC}.Debug|Any CPU.ActiveCfg = Debug|Any CPU
		{7E5A20D4-5C83-424E-A9B2-6F33BF27A6EC}.Debug|Any CPU.Build.0 = Debug|Any CPU
		{7E5A20D4-5C83-424E-A9B2-6F33BF27A6EC}.Release|Any CPU.ActiveCfg = Release|Any CPU
		{7E5A20D4-5C83-424E-A9B2-6F33BF27A6EC}.Release|Any CPU.Build.0 = Release|Any CPU
	EndGlobalSection
	GlobalSection(SolutionProperties) = preSolution
		HideSolutionNode = FALSE
	EndGlobalSection
	GlobalSection(ExtensibilityGlobals) = postSolution
		SolutionGuid = {7EB27E50-FB13-452D-837B-470DC32D9E38}
	EndGlobalSection
EndGlobal
